PODS:
  - pop (1.0.12)
  - SDWebImage (4.4.6):
    - SDWebImage/Core (= 4.4.6)
  - SDWebImage/Core (4.4.6)

DEPENDENCIES:
  - pop
  - SDWebImage

SPEC REPOS:
  https://github.com/cocoapods/specs.git:
    - pop
    - SDWebImage

SPEC CHECKSUMS:
  pop: d582054913807fd11fd50bfe6a539d91c7e1a55a
  SDWebImage: 3f3f0c02f09798048c47a5ed0a13f17b063572d8

PODFILE CHECKSUM: 064ccf7d6bf851c338758c06359d6529f1ca08ed

COCOAPODS: 1.5.3
