// !$*UTF8*$!
{
	archiveVersion = 1;
	classes = {
	};
	objectVersion = 50;
	objects = {

/* Begin PBXBuildFile section */
		128CD52D2244671400304040 /* AppDelegate.m in Sources */ = {isa = PBXBuildFile; fileRef = 128CD52C2244671400304040 /* AppDelegate.m */; };
		128CD5302244671400304040 /* ViewController.m in Sources */ = {isa = PBXBuildFile; fileRef = 128CD52F2244671400304040 /* ViewController.m */; };
		128CD5332244671400304040 /* Main.storyboard in Resources */ = {isa = PBXBuildFile; fileRef = 128CD5312244671400304040 /* Main.storyboard */; };
		128CD5352244671700304040 /* Assets.xcassets in Resources */ = {isa = PBXBuildFile; fileRef = 128CD5342244671700304040 /* Assets.xcassets */; };
		128CD5382244671700304040 /* LaunchScreen.storyboard in Resources */ = {isa = PBXBuildFile; fileRef = 128CD5362244671700304040 /* LaunchScreen.storyboard */; };
		128CD53B2244671700304040 /* main.m in Sources */ = {isa = PBXBuildFile; fileRef = 128CD53A2244671700304040 /* main.m */; };
		128CD5452244671700304040 /* YBPhotoBroswerTests.m in Sources */ = {isa = PBXBuildFile; fileRef = 128CD5442244671700304040 /* YBPhotoBroswerTests.m */; };
		128CD5502244671700304040 /* YBPhotoBroswerUITests.m in Sources */ = {isa = PBXBuildFile; fileRef = 128CD54F2244671700304040 /* YBPhotoBroswerUITests.m */; };
		128CD56122446CC300304040 /* YBPhotoBrowser.m in Sources */ = {isa = PBXBuildFile; fileRef = 128CD56022446CC300304040 /* YBPhotoBrowser.m */; };
		8A80BEA38EF2661B253CB28E /* libPods-YBPhotoBroswerUITests.a in Frameworks */ = {isa = PBXBuildFile; fileRef = 4A8480E09E857897F50CC63E /* libPods-YBPhotoBroswerUITests.a */; };
		B24D6FAE1FF83C4F92280023 /* libPods-YBPhotoBroswer.a in Frameworks */ = {isa = PBXBuildFile; fileRef = 5EDC2C3B4B29C3A3B92F8A30 /* libPods-YBPhotoBroswer.a */; };
		DDA75273BDAFE24AF63F72EE /* libPods-YBPhotoBroswerTests.a in Frameworks */ = {isa = PBXBuildFile; fileRef = 3F06579034047A3A2FADC056 /* libPods-YBPhotoBroswerTests.a */; };
/* End PBXBuildFile section */

/* Begin PBXContainerItemProxy section */
		128CD5412244671700304040 /* PBXContainerItemProxy */ = {
			isa = PBXContainerItemProxy;
			containerPortal = 128CD5202244671300304040 /* Project object */;
			proxyType = 1;
			remoteGlobalIDString = 128CD5272244671400304040;
			remoteInfo = YBPhotoBroswer;
		};
		128CD54C2244671700304040 /* PBXContainerItemProxy */ = {
			isa = PBXContainerItemProxy;
			containerPortal = 128CD5202244671300304040 /* Project object */;
			proxyType = 1;
			remoteGlobalIDString = 128CD5272244671400304040;
			remoteInfo = YBPhotoBroswer;
		};
/* End PBXContainerItemProxy section */

/* Begin PBXFileReference section */
		0C5264163B0A766B558E902E /* Pods-YBPhotoBroswerUITests.debug.xcconfig */ = {isa = PBXFileReference; includeInIndex = 1; lastKnownFileType = text.xcconfig; name = "Pods-YBPhotoBroswerUITests.debug.xcconfig"; path = "Pods/Target Support Files/Pods-YBPhotoBroswerUITests/Pods-YBPhotoBroswerUITests.debug.xcconfig"; sourceTree = "<group>"; };
		128CD5282244671400304040 /* YBPhotoBroswer.app */ = {isa = PBXFileReference; explicitFileType = wrapper.application; includeInIndex = 0; path = YBPhotoBroswer.app; sourceTree = BUILT_PRODUCTS_DIR; };
		128CD52B2244671400304040 /* AppDelegate.h */ = {isa = PBXFileReference; lastKnownFileType = sourcecode.c.h; path = AppDelegate.h; sourceTree = "<group>"; };
		128CD52C2244671400304040 /* AppDelegate.m */ = {isa = PBXFileReference; lastKnownFileType = sourcecode.c.objc; path = AppDelegate.m; sourceTree = "<group>"; };
		128CD52E2244671400304040 /* ViewController.h */ = {isa = PBXFileReference; lastKnownFileType = sourcecode.c.h; path = ViewController.h; sourceTree = "<group>"; };
		128CD52F2244671400304040 /* ViewController.m */ = {isa = PBXFileReference; lastKnownFileType = sourcecode.c.objc; path = ViewController.m; sourceTree = "<group>"; };
		128CD5322244671400304040 /* Base */ = {isa = PBXFileReference; lastKnownFileType = file.storyboard; name = Base; path = Base.lproj/Main.storyboard; sourceTree = "<group>"; };
		128CD5342244671700304040 /* Assets.xcassets */ = {isa = PBXFileReference; lastKnownFileType = folder.assetcatalog; path = Assets.xcassets; sourceTree = "<group>"; };
		128CD5372244671700304040 /* Base */ = {isa = PBXFileReference; lastKnownFileType = file.storyboard; name = Base; path = Base.lproj/LaunchScreen.storyboard; sourceTree = "<group>"; };
		128CD5392244671700304040 /* Info.plist */ = {isa = PBXFileReference; lastKnownFileType = text.plist.xml; path = Info.plist; sourceTree = "<group>"; };
		128CD53A2244671700304040 /* main.m */ = {isa = PBXFileReference; lastKnownFileType = sourcecode.c.objc; path = main.m; sourceTree = "<group>"; };
		128CD5402244671700304040 /* YBPhotoBroswerTests.xctest */ = {isa = PBXFileReference; explicitFileType = wrapper.cfbundle; includeInIndex = 0; path = YBPhotoBroswerTests.xctest; sourceTree = BUILT_PRODUCTS_DIR; };
		128CD5442244671700304040 /* YBPhotoBroswerTests.m */ = {isa = PBXFileReference; lastKnownFileType = sourcecode.c.objc; path = YBPhotoBroswerTests.m; sourceTree = "<group>"; };
		128CD5462244671700304040 /* Info.plist */ = {isa = PBXFileReference; lastKnownFileType = text.plist.xml; path = Info.plist; sourceTree = "<group>"; };
		128CD54B2244671700304040 /* YBPhotoBroswerUITests.xctest */ = {isa = PBXFileReference; explicitFileType = wrapper.cfbundle; includeInIndex = 0; path = YBPhotoBroswerUITests.xctest; sourceTree = BUILT_PRODUCTS_DIR; };
		128CD54F2244671700304040 /* YBPhotoBroswerUITests.m */ = {isa = PBXFileReference; lastKnownFileType = sourcecode.c.objc; path = YBPhotoBroswerUITests.m; sourceTree = "<group>"; };
		128CD5512244671700304040 /* Info.plist */ = {isa = PBXFileReference; lastKnownFileType = text.plist.xml; path = Info.plist; sourceTree = "<group>"; };
		128CD55F22446CC300304040 /* YBPhotoBrowser.h */ = {isa = PBXFileReference; lastKnownFileType = sourcecode.c.h; path = YBPhotoBrowser.h; sourceTree = "<group>"; };
		128CD56022446CC300304040 /* YBPhotoBrowser.m */ = {isa = PBXFileReference; lastKnownFileType = sourcecode.c.objc; path = YBPhotoBrowser.m; sourceTree = "<group>"; };
		1548D5E108348117F7F69FD4 /* Pods-YBPhotoBroswerTests.release.xcconfig */ = {isa = PBXFileReference; includeInIndex = 1; lastKnownFileType = text.xcconfig; name = "Pods-YBPhotoBroswerTests.release.xcconfig"; path = "Pods/Target Support Files/Pods-YBPhotoBroswerTests/Pods-YBPhotoBroswerTests.release.xcconfig"; sourceTree = "<group>"; };
		1C427134BF280A20B6C02081 /* Pods-YBPhotoBroswerTests.debug.xcconfig */ = {isa = PBXFileReference; includeInIndex = 1; lastKnownFileType = text.xcconfig; name = "Pods-YBPhotoBroswerTests.debug.xcconfig"; path = "Pods/Target Support Files/Pods-YBPhotoBroswerTests/Pods-YBPhotoBroswerTests.debug.xcconfig"; sourceTree = "<group>"; };
		3EF0C2341BBA0FD910751B68 /* Pods-YBPhotoBroswer.debug.xcconfig */ = {isa = PBXFileReference; includeInIndex = 1; lastKnownFileType = text.xcconfig; name = "Pods-YBPhotoBroswer.debug.xcconfig"; path = "Pods/Target Support Files/Pods-YBPhotoBroswer/Pods-YBPhotoBroswer.debug.xcconfig"; sourceTree = "<group>"; };
		3F06579034047A3A2FADC056 /* libPods-YBPhotoBroswerTests.a */ = {isa = PBXFileReference; explicitFileType = archive.ar; includeInIndex = 0; path = "libPods-YBPhotoBroswerTests.a"; sourceTree = BUILT_PRODUCTS_DIR; };
		4A8480E09E857897F50CC63E /* libPods-YBPhotoBroswerUITests.a */ = {isa = PBXFileReference; explicitFileType = archive.ar; includeInIndex = 0; path = "libPods-YBPhotoBroswerUITests.a"; sourceTree = BUILT_PRODUCTS_DIR; };
		5EDC2C3B4B29C3A3B92F8A30 /* libPods-YBPhotoBroswer.a */ = {isa = PBXFileReference; explicitFileType = archive.ar; includeInIndex = 0; path = "libPods-YBPhotoBroswer.a"; sourceTree = BUILT_PRODUCTS_DIR; };
		B6A424433835986DD4B4F2D6 /* Pods-YBPhotoBroswer.release.xcconfig */ = {isa = PBXFileReference; includeInIndex = 1; lastKnownFileType = text.xcconfig; name = "Pods-YBPhotoBroswer.release.xcconfig"; path = "Pods/Target Support Files/Pods-YBPhotoBroswer/Pods-YBPhotoBroswer.release.xcconfig"; sourceTree = "<group>"; };
		F6CE605ADA1E9B122015632D /* Pods-YBPhotoBroswerUITests.release.xcconfig */ = {isa = PBXFileReference; includeInIndex = 1; lastKnownFileType = text.xcconfig; name = "Pods-YBPhotoBroswerUITests.release.xcconfig"; path = "Pods/Target Support Files/Pods-YBPhotoBroswerUITests/Pods-YBPhotoBroswerUITests.release.xcconfig"; sourceTree = "<group>"; };
/* End PBXFileReference section */

/* Begin PBXFrameworksBuildPhase section */
		128CD5252244671400304040 /* Frameworks */ = {
			isa = PBXFrameworksBuildPhase;
			buildActionMask = 2147483647;
			files = (
				B24D6FAE1FF83C4F92280023 /* libPods-YBPhotoBroswer.a in Frameworks */,
			);
			runOnlyForDeploymentPostprocessing = 0;
		};
		128CD53D2244671700304040 /* Frameworks */ = {
			isa = PBXFrameworksBuildPhase;
			buildActionMask = 2147483647;
			files = (
				DDA75273BDAFE24AF63F72EE /* libPods-YBPhotoBroswerTests.a in Frameworks */,
			);
			runOnlyForDeploymentPostprocessing = 0;
		};
		128CD5482244671700304040 /* Frameworks */ = {
			isa = PBXFrameworksBuildPhase;
			buildActionMask = 2147483647;
			files = (
				8A80BEA38EF2661B253CB28E /* libPods-YBPhotoBroswerUITests.a in Frameworks */,
			);
			runOnlyForDeploymentPostprocessing = 0;
		};
/* End PBXFrameworksBuildPhase section */

/* Begin PBXGroup section */
		020AB854ED47AF8571D22E85 /* Pods */ = {
			isa = PBXGroup;
			children = (
				3EF0C2341BBA0FD910751B68 /* Pods-YBPhotoBroswer.debug.xcconfig */,
				B6A424433835986DD4B4F2D6 /* Pods-YBPhotoBroswer.release.xcconfig */,
				1C427134BF280A20B6C02081 /* Pods-YBPhotoBroswerTests.debug.xcconfig */,
				1548D5E108348117F7F69FD4 /* Pods-YBPhotoBroswerTests.release.xcconfig */,
				0C5264163B0A766B558E902E /* Pods-YBPhotoBroswerUITests.debug.xcconfig */,
				F6CE605ADA1E9B122015632D /* Pods-YBPhotoBroswerUITests.release.xcconfig */,
			);
			name = Pods;
			sourceTree = "<group>";
		};
		128CD51F2244671300304040 = {
			isa = PBXGroup;
			children = (
				128CD52A2244671400304040 /* YBPhotoBroswer */,
				128CD5432244671700304040 /* YBPhotoBroswerTests */,
				128CD54E2244671700304040 /* YBPhotoBroswerUITests */,
				128CD5292244671400304040 /* Products */,
				020AB854ED47AF8571D22E85 /* Pods */,
				1F2BD0468E4595B6EF47F190 /* Frameworks */,
			);
			sourceTree = "<group>";
		};
		128CD5292244671400304040 /* Products */ = {
			isa = PBXGroup;
			children = (
				128CD5282244671400304040 /* YBPhotoBroswer.app */,
				128CD5402244671700304040 /* YBPhotoBroswerTests.xctest */,
				128CD54B2244671700304040 /* YBPhotoBroswerUITests.xctest */,
			);
			name = Products;
			sourceTree = "<group>";
		};
		128CD52A2244671400304040 /* YBPhotoBroswer */ = {
			isa = PBXGroup;
			children = (
				128CD52B2244671400304040 /* AppDelegate.h */,
				128CD52C2244671400304040 /* AppDelegate.m */,
				128CD52E2244671400304040 /* ViewController.h */,
				128CD52F2244671400304040 /* ViewController.m */,
				128CD55F22446CC300304040 /* YBPhotoBrowser.h */,
				128CD56022446CC300304040 /* YBPhotoBrowser.m */,
				128CD5312244671400304040 /* Main.storyboard */,
				128CD5342244671700304040 /* Assets.xcassets */,
				128CD5362244671700304040 /* LaunchScreen.storyboard */,
				128CD5392244671700304040 /* Info.plist */,
				128CD53A2244671700304040 /* main.m */,
			);
			path = YBPhotoBroswer;
			sourceTree = "<group>";
		};
		128CD5432244671700304040 /* YBPhotoBroswerTests */ = {
			isa = PBXGroup;
			children = (
				128CD5442244671700304040 /* YBPhotoBroswerTests.m */,
				128CD5462244671700304040 /* Info.plist */,
			);
			path = YBPhotoBroswerTests;
			sourceTree = "<group>";
		};
		128CD54E2244671700304040 /* YBPhotoBroswerUITests */ = {
			isa = PBXGroup;
			children = (
				128CD54F2244671700304040 /* YBPhotoBroswerUITests.m */,
				128CD5512244671700304040 /* Info.plist */,
			);
			path = YBPhotoBroswerUITests;
			sourceTree = "<group>";
		};
		1F2BD0468E4595B6EF47F190 /* Frameworks */ = {
			isa = PBXGroup;
			children = (
				5EDC2C3B4B29C3A3B92F8A30 /* libPods-YBPhotoBroswer.a */,
				3F06579034047A3A2FADC056 /* libPods-YBPhotoBroswerTests.a */,
				4A8480E09E857897F50CC63E /* libPods-YBPhotoBroswerUITests.a */,
			);
			name = Frameworks;
			sourceTree = "<group>";
		};
/* End PBXGroup section */

/* Begin PBXNativeTarget section */
		128CD5272244671400304040 /* YBPhotoBroswer */ = {
			isa = PBXNativeTarget;
			buildConfigurationList = 128CD5542244671700304040 /* Build configuration list for PBXNativeTarget "YBPhotoBroswer" */;
			buildPhases = (
				A2F606056F0BAD974FBBBC0D /* [CP] Check Pods Manifest.lock */,
				128CD5242244671400304040 /* Sources */,
				128CD5252244671400304040 /* Frameworks */,
				128CD5262244671400304040 /* Resources */,
			);
			buildRules = (
			);
			dependencies = (
			);
			name = YBPhotoBroswer;
			productName = YBPhotoBroswer;
			productReference = 128CD5282244671400304040 /* YBPhotoBroswer.app */;
			productType = "com.apple.product-type.application";
		};
		128CD53F2244671700304040 /* YBPhotoBroswerTests */ = {
			isa = PBXNativeTarget;
			buildConfigurationList = 128CD5572244671700304040 /* Build configuration list for PBXNativeTarget "YBPhotoBroswerTests" */;
			buildPhases = (
				3DFE45E2012E692CFB2AEB78 /* [CP] Check Pods Manifest.lock */,
				128CD53C2244671700304040 /* Sources */,
				128CD53D2244671700304040 /* Frameworks */,
				128CD53E2244671700304040 /* Resources */,
			);
			buildRules = (
			);
			dependencies = (
				128CD5422244671700304040 /* PBXTargetDependency */,
			);
			name = YBPhotoBroswerTests;
			productName = YBPhotoBroswerTests;
			productReference = 128CD5402244671700304040 /* YBPhotoBroswerTests.xctest */;
			productType = "com.apple.product-type.bundle.unit-test";
		};
		128CD54A2244671700304040 /* YBPhotoBroswerUITests */ = {
			isa = PBXNativeTarget;
			buildConfigurationList = 128CD55A2244671700304040 /* Build configuration list for PBXNativeTarget "YBPhotoBroswerUITests" */;
			buildPhases = (
				A0E6C9FBAF1345073A36E122 /* [CP] Check Pods Manifest.lock */,
				128CD5472244671700304040 /* Sources */,
				128CD5482244671700304040 /* Frameworks */,
				128CD5492244671700304040 /* Resources */,
			);
			buildRules = (
			);
			dependencies = (
				128CD54D2244671700304040 /* PBXTargetDependency */,
			);
			name = YBPhotoBroswerUITests;
			productName = YBPhotoBroswerUITests;
			productReference = 128CD54B2244671700304040 /* YBPhotoBroswerUITests.xctest */;
			productType = "com.apple.product-type.bundle.ui-testing";
		};
/* End PBXNativeTarget section */

/* Begin PBXProject section */
		128CD5202244671300304040 /* Project object */ = {
			isa = PBXProject;
			attributes = {
				CLASSPREFIX = YB;
				LastUpgradeCheck = 1010;
				ORGANIZATIONNAME = zhaoyunbo;
				TargetAttributes = {
					128CD5272244671400304040 = {
						CreatedOnToolsVersion = 10.1;
					};
					128CD53F2244671700304040 = {
						CreatedOnToolsVersion = 10.1;
						TestTargetID = 128CD5272244671400304040;
					};
					128CD54A2244671700304040 = {
						CreatedOnToolsVersion = 10.1;
						TestTargetID = 128CD5272244671400304040;
					};
				};
			};
			buildConfigurationList = 128CD5232244671300304040 /* Build configuration list for PBXProject "YBPhotoBroswer" */;
			compatibilityVersion = "Xcode 9.3";
			developmentRegion = en;
			hasScannedForEncodings = 0;
			knownRegions = (
				en,
				Base,
			);
			mainGroup = 128CD51F2244671300304040;
			productRefGroup = 128CD5292244671400304040 /* Products */;
			projectDirPath = "";
			projectRoot = "";
			targets = (
				128CD5272244671400304040 /* YBPhotoBroswer */,
				128CD53F2244671700304040 /* YBPhotoBroswerTests */,
				128CD54A2244671700304040 /* YBPhotoBroswerUITests */,
			);
		};
/* End PBXProject section */

/* Begin PBXResourcesBuildPhase section */
		128CD5262244671400304040 /* Resources */ = {
			isa = PBXResourcesBuildPhase;
			buildActionMask = 2147483647;
			files = (
				128CD5382244671700304040 /* LaunchScreen.storyboard in Resources */,
				128CD5352244671700304040 /* Assets.xcassets in Resources */,
				128CD5332244671400304040 /* Main.storyboard in Resources */,
			);
			runOnlyForDeploymentPostprocessing = 0;
		};
		128CD53E2244671700304040 /* Resources */ = {
			isa = PBXResourcesBuildPhase;
			buildActionMask = 2147483647;
			files = (
			);
			runOnlyForDeploymentPostprocessing = 0;
		};
		128CD5492244671700304040 /* Resources */ = {
			isa = PBXResourcesBuildPhase;
			buildActionMask = 2147483647;
			files = (
			);
			runOnlyForDeploymentPostprocessing = 0;
		};
/* End PBXResourcesBuildPhase section */

/* Begin PBXShellScriptBuildPhase section */
		3DFE45E2012E692CFB2AEB78 /* [CP] Check Pods Manifest.lock */ = {
			isa = PBXShellScriptBuildPhase;
			buildActionMask = 2147483647;
			files = (
			);
			inputFileListPaths = (
			);
			inputPaths = (
				"${PODS_PODFILE_DIR_PATH}/Podfile.lock",
				"${PODS_ROOT}/Manifest.lock",
			);
			name = "[CP] Check Pods Manifest.lock";
			outputFileListPaths = (
			);
			outputPaths = (
				"$(DERIVED_FILE_DIR)/Pods-YBPhotoBroswerTests-checkManifestLockResult.txt",
			);
			runOnlyForDeploymentPostprocessing = 0;
			shellPath = /bin/sh;
			shellScript = "diff \"${PODS_PODFILE_DIR_PATH}/Podfile.lock\" \"${PODS_ROOT}/Manifest.lock\" > /dev/null\nif [ $? != 0 ] ; then\n    # print error to STDERR\n    echo \"error: The sandbox is not in sync with the Podfile.lock. Run 'pod install' or update your CocoaPods installation.\" >&2\n    exit 1\nfi\n# This output is used by Xcode 'outputs' to avoid re-running this script phase.\necho \"SUCCESS\" > \"${SCRIPT_OUTPUT_FILE_0}\"\n";
			showEnvVarsInLog = 0;
		};
		A0E6C9FBAF1345073A36E122 /* [CP] Check Pods Manifest.lock */ = {
			isa = PBXShellScriptBuildPhase;
			buildActionMask = 2147483647;
			files = (
			);
			inputFileListPaths = (
			);
			inputPaths = (
				"${PODS_PODFILE_DIR_PATH}/Podfile.lock",
				"${PODS_ROOT}/Manifest.lock",
			);
			name = "[CP] Check Pods Manifest.lock";
			outputFileListPaths = (
			);
			outputPaths = (
				"$(DERIVED_FILE_DIR)/Pods-YBPhotoBroswerUITests-checkManifestLockResult.txt",
			);
			runOnlyForDeploymentPostprocessing = 0;
			shellPath = /bin/sh;
			shellScript = "diff \"${PODS_PODFILE_DIR_PATH}/Podfile.lock\" \"${PODS_ROOT}/Manifest.lock\" > /dev/null\nif [ $? != 0 ] ; then\n    # print error to STDERR\n    echo \"error: The sandbox is not in sync with the Podfile.lock. Run 'pod install' or update your CocoaPods installation.\" >&2\n    exit 1\nfi\n# This output is used by Xcode 'outputs' to avoid re-running this script phase.\necho \"SUCCESS\" > \"${SCRIPT_OUTPUT_FILE_0}\"\n";
			showEnvVarsInLog = 0;
		};
		A2F606056F0BAD974FBBBC0D /* [CP] Check Pods Manifest.lock */ = {
			isa = PBXShellScriptBuildPhase;
			buildActionMask = 2147483647;
			files = (
			);
			inputFileListPaths = (
			);
			inputPaths = (
				"${PODS_PODFILE_DIR_PATH}/Podfile.lock",
				"${PODS_ROOT}/Manifest.lock",
			);
			name = "[CP] Check Pods Manifest.lock";
			outputFileListPaths = (
			);
			outputPaths = (
				"$(DERIVED_FILE_DIR)/Pods-YBPhotoBroswer-checkManifestLockResult.txt",
			);
			runOnlyForDeploymentPostprocessing = 0;
			shellPath = /bin/sh;
			shellScript = "diff \"${PODS_PODFILE_DIR_PATH}/Podfile.lock\" \"${PODS_ROOT}/Manifest.lock\" > /dev/null\nif [ $? != 0 ] ; then\n    # print error to STDERR\n    echo \"error: The sandbox is not in sync with the Podfile.lock. Run 'pod install' or update your CocoaPods installation.\" >&2\n    exit 1\nfi\n# This output is used by Xcode 'outputs' to avoid re-running this script phase.\necho \"SUCCESS\" > \"${SCRIPT_OUTPUT_FILE_0}\"\n";
			showEnvVarsInLog = 0;
		};
/* End PBXShellScriptBuildPhase section */

/* Begin PBXSourcesBuildPhase section */
		128CD5242244671400304040 /* Sources */ = {
			isa = PBXSourcesBuildPhase;
			buildActionMask = 2147483647;
			files = (
				128CD56122446CC300304040 /* YBPhotoBrowser.m in Sources */,
				128CD5302244671400304040 /* ViewController.m in Sources */,
				128CD53B2244671700304040 /* main.m in Sources */,
				128CD52D2244671400304040 /* AppDelegate.m in Sources */,
			);
			runOnlyForDeploymentPostprocessing = 0;
		};
		128CD53C2244671700304040 /* Sources */ = {
			isa = PBXSourcesBuildPhase;
			buildActionMask = 2147483647;
			files = (
				128CD5452244671700304040 /* YBPhotoBroswerTests.m in Sources */,
			);
			runOnlyForDeploymentPostprocessing = 0;
		};
		128CD5472244671700304040 /* Sources */ = {
			isa = PBXSourcesBuildPhase;
			buildActionMask = 2147483647;
			files = (
				128CD5502244671700304040 /* YBPhotoBroswerUITests.m in Sources */,
			);
			runOnlyForDeploymentPostprocessing = 0;
		};
/* End PBXSourcesBuildPhase section */

/* Begin PBXTargetDependency section */
		128CD5422244671700304040 /* PBXTargetDependency */ = {
			isa = PBXTargetDependency;
			target = 128CD5272244671400304040 /* YBPhotoBroswer */;
			targetProxy = 128CD5412244671700304040 /* PBXContainerItemProxy */;
		};
		128CD54D2244671700304040 /* PBXTargetDependency */ = {
			isa = PBXTargetDependency;
			target = 128CD5272244671400304040 /* YBPhotoBroswer */;
			targetProxy = 128CD54C2244671700304040 /* PBXContainerItemProxy */;
		};
/* End PBXTargetDependency section */

/* Begin PBXVariantGroup section */
		128CD5312244671400304040 /* Main.storyboard */ = {
			isa = PBXVariantGroup;
			children = (
				128CD5322244671400304040 /* Base */,
			);
			name = Main.storyboard;
			sourceTree = "<group>";
		};
		128CD5362244671700304040 /* LaunchScreen.storyboard */ = {
			isa = PBXVariantGroup;
			children = (
				128CD5372244671700304040 /* Base */,
			);
			name = LaunchScreen.storyboard;
			sourceTree = "<group>";
		};
/* End PBXVariantGroup section */

/* Begin XCBuildConfiguration section */
		128CD5522244671700304040 /* Debug */ = {
			isa = XCBuildConfiguration;
			buildSettings = {
				ALWAYS_SEARCH_USER_PATHS = NO;
				CLANG_ANALYZER_NONNULL = YES;
				CLANG_ANALYZER_NUMBER_OBJECT_CONVERSION = YES_AGGRESSIVE;
				CLANG_CXX_LANGUAGE_STANDARD = "gnu++14";
				CLANG_CXX_LIBRARY = "libc++";
				CLANG_ENABLE_MODULES = YES;
				CLANG_ENABLE_OBJC_ARC = YES;
				CLANG_ENABLE_OBJC_WEAK = YES;
				CLANG_WARN_BLOCK_CAPTURE_AUTORELEASING = YES;
				CLANG_WARN_BOOL_CONVERSION = YES;
				CLANG_WARN_COMMA = YES;
				CLANG_WARN_CONSTANT_CONVERSION = YES;
				CLANG_WARN_DEPRECATED_OBJC_IMPLEMENTATIONS = YES;
				CLANG_WARN_DIRECT_OBJC_ISA_USAGE = YES_ERROR;
				CLANG_WARN_DOCUMENTATION_COMMENTS = YES;
				CLANG_WARN_EMPTY_BODY = YES;
				CLANG_WARN_ENUM_CONVERSION = YES;
				CLANG_WARN_INFINITE_RECURSION = YES;
				CLANG_WARN_INT_CONVERSION = YES;
				CLANG_WARN_NON_LITERAL_NULL_CONVERSION = YES;
				CLANG_WARN_OBJC_IMPLICIT_RETAIN_SELF = YES;
				CLANG_WARN_OBJC_LITERAL_CONVERSION = YES;
				CLANG_WARN_OBJC_ROOT_CLASS = YES_ERROR;
				CLANG_WARN_RANGE_LOOP_ANALYSIS = YES;
				CLANG_WARN_STRICT_PROTOTYPES = YES;
				CLANG_WARN_SUSPICIOUS_MOVE = YES;
				CLANG_WARN_UNGUARDED_AVAILABILITY = YES_AGGRESSIVE;
				CLANG_WARN_UNREACHABLE_CODE = YES;
				CLANG_WARN__DUPLICATE_METHOD_MATCH = YES;
				CODE_SIGN_IDENTITY = "iPhone Developer";
				COPY_PHASE_STRIP = NO;
				DEBUG_INFORMATION_FORMAT = dwarf;
				ENABLE_STRICT_OBJC_MSGSEND = YES;
				ENABLE_TESTABILITY = YES;
				GCC_C_LANGUAGE_STANDARD = gnu11;
				GCC_DYNAMIC_NO_PIC = NO;
				GCC_NO_COMMON_BLOCKS = YES;
				GCC_OPTIMIZATION_LEVEL = 0;
				GCC_PREPROCESSOR_DEFINITIONS = (
					"DEBUG=1",
					"$(inherited)",
				);
				GCC_WARN_64_TO_32_BIT_CONVERSION = YES;
				GCC_WARN_ABOUT_RETURN_TYPE = YES_ERROR;
				GCC_WARN_UNDECLARED_SELECTOR = YES;
				GCC_WARN_UNINITIALIZED_AUTOS = YES_AGGRESSIVE;
				GCC_WARN_UNUSED_FUNCTION = YES;
				GCC_WARN_UNUSED_VARIABLE = YES;
				IPHONEOS_DEPLOYMENT_TARGET = 10.0;
				MTL_ENABLE_DEBUG_INFO = INCLUDE_SOURCE;
				MTL_FAST_MATH = YES;
				ONLY_ACTIVE_ARCH = YES;
				SDKROOT = iphoneos;
			};
			name = Debug;
		};
		128CD5532244671700304040 /* Release */ = {
			isa = XCBuildConfiguration;
			buildSettings = {
				ALWAYS_SEARCH_USER_PATHS = NO;
				CLANG_ANALYZER_NONNULL = YES;
				CLANG_ANALYZER_NUMBER_OBJECT_CONVERSION = YES_AGGRESSIVE;
				CLANG_CXX_LANGUAGE_STANDARD = "gnu++14";
				CLANG_CXX_LIBRARY = "libc++";
				CLANG_ENABLE_MODULES = YES;
				CLANG_ENABLE_OBJC_ARC = YES;
				CLANG_ENABLE_OBJC_WEAK = YES;
				CLANG_WARN_BLOCK_CAPTURE_AUTORELEASING = YES;
				CLANG_WARN_BOOL_CONVERSION = YES;
				CLANG_WARN_COMMA = YES;
				CLANG_WARN_CONSTANT_CONVERSION = YES;
				CLANG_WARN_DEPRECATED_OBJC_IMPLEMENTATIONS = YES;
				CLANG_WARN_DIRECT_OBJC_ISA_USAGE = YES_ERROR;
				CLANG_WARN_DOCUMENTATION_COMMENTS = YES;
				CLANG_WARN_EMPTY_BODY = YES;
				CLANG_WARN_ENUM_CONVERSION = YES;
				CLANG_WARN_INFINITE_RECURSION = YES;
				CLANG_WARN_INT_CONVERSION = YES;
				CLANG_WARN_NON_LITERAL_NULL_CONVERSION = YES;
				CLANG_WARN_OBJC_IMPLICIT_RETAIN_SELF = YES;
				CLANG_WARN_OBJC_LITERAL_CONVERSION = YES;
				CLANG_WARN_OBJC_ROOT_CLASS = YES_ERROR;
				CLANG_WARN_RANGE_LOOP_ANALYSIS = YES;
				CLANG_WARN_STRICT_PROTOTYPES = YES;
				CLANG_WARN_SUSPICIOUS_MOVE = YES;
				CLANG_WARN_UNGUARDED_AVAILABILITY = YES_AGGRESSIVE;
				CLANG_WARN_UNREACHABLE_CODE = YES;
				CLANG_WARN__DUPLICATE_METHOD_MATCH = YES;
				CODE_SIGN_IDENTITY = "iPhone Developer";
				COPY_PHASE_STRIP = NO;
				DEBUG_INFORMATION_FORMAT = "dwarf-with-dsym";
				ENABLE_NS_ASSERTIONS = NO;
				ENABLE_STRICT_OBJC_MSGSEND = YES;
				GCC_C_LANGUAGE_STANDARD = gnu11;
				GCC_NO_COMMON_BLOCKS = YES;
				GCC_WARN_64_TO_32_BIT_CONVERSION = YES;
				GCC_WARN_ABOUT_RETURN_TYPE = YES_ERROR;
				GCC_WARN_UNDECLARED_SELECTOR = YES;
				GCC_WARN_UNINITIALIZED_AUTOS = YES_AGGRESSIVE;
				GCC_WARN_UNUSED_FUNCTION = YES;
				GCC_WARN_UNUSED_VARIABLE = YES;
				IPHONEOS_DEPLOYMENT_TARGET = 10.0;
				MTL_ENABLE_DEBUG_INFO = NO;
				MTL_FAST_MATH = YES;
				SDKROOT = iphoneos;
				VALIDATE_PRODUCT = YES;
			};
			name = Release;
		};
		128CD5552244671700304040 /* Debug */ = {
			isa = XCBuildConfiguration;
			baseConfigurationReference = 3EF0C2341BBA0FD910751B68 /* Pods-YBPhotoBroswer.debug.xcconfig */;
			buildSettings = {
				ASSETCATALOG_COMPILER_APPICON_NAME = AppIcon;
				CODE_SIGN_STYLE = Manual;
				DEVELOPMENT_TEAM = DMQ45S882L;
				INFOPLIST_FILE = YBPhotoBroswer/Info.plist;
				LD_RUNPATH_SEARCH_PATHS = (
					"$(inherited)",
					"@executable_path/Frameworks",
				);
				PRODUCT_BUNDLE_IDENTIFIER = com.yuncang.YBPhotoBroswer;
				PRODUCT_NAME = "$(TARGET_NAME)";
				PROVISIONING_PROFILE_SPECIFIER = iOSDevelopment;
				TARGETED_DEVICE_FAMILY = "1,2";
			};
			name = Debug;
		};
		128CD5562244671700304040 /* Release */ = {
			isa = XCBuildConfiguration;
			baseConfigurationReference = B6A424433835986DD4B4F2D6 /* Pods-YBPhotoBroswer.release.xcconfig */;
			buildSettings = {
				ASSETCATALOG_COMPILER_APPICON_NAME = AppIcon;
				CODE_SIGN_STYLE = Manual;
				DEVELOPMENT_TEAM = DMQ45S882L;
				INFOPLIST_FILE = YBPhotoBroswer/Info.plist;
				LD_RUNPATH_SEARCH_PATHS = (
					"$(inherited)",
					"@executable_path/Frameworks",
				);
				PRODUCT_BUNDLE_IDENTIFIER = com.yuncang.YBPhotoBroswer;
				PRODUCT_NAME = "$(TARGET_NAME)";
				PROVISIONING_PROFILE_SPECIFIER = iOSDevelopment;
				TARGETED_DEVICE_FAMILY = "1,2";
			};
			name = Release;
		};
		128CD5582244671700304040 /* Debug */ = {
			isa = XCBuildConfiguration;
			baseConfigurationReference = 1C427134BF280A20B6C02081 /* Pods-YBPhotoBroswerTests.debug.xcconfig */;
			buildSettings = {
				BUNDLE_LOADER = "$(TEST_HOST)";
				CODE_SIGN_STYLE = Automatic;
				INFOPLIST_FILE = YBPhotoBroswerTests/Info.plist;
				LD_RUNPATH_SEARCH_PATHS = (
					"$(inherited)",
					"@executable_path/Frameworks",
					"@loader_path/Frameworks",
				);
				PRODUCT_BUNDLE_IDENTIFIER = com.yuncang.YBPhotoBroswerTests;
				PRODUCT_NAME = "$(TARGET_NAME)";
				TARGETED_DEVICE_FAMILY = "1,2";
				TEST_HOST = "$(BUILT_PRODUCTS_DIR)/YBPhotoBroswer.app/YBPhotoBroswer";
			};
			name = Debug;
		};
		128CD5592244671700304040 /* Release */ = {
			isa = XCBuildConfiguration;
			baseConfigurationReference = 1548D5E108348117F7F69FD4 /* Pods-YBPhotoBroswerTests.release.xcconfig */;
			buildSettings = {
				BUNDLE_LOADER = "$(TEST_HOST)";
				CODE_SIGN_STYLE = Automatic;
				INFOPLIST_FILE = YBPhotoBroswerTests/Info.plist;
				LD_RUNPATH_SEARCH_PATHS = (
					"$(inherited)",
					"@executable_path/Frameworks",
					"@loader_path/Frameworks",
				);
				PRODUCT_BUNDLE_IDENTIFIER = com.yuncang.YBPhotoBroswerTests;
				PRODUCT_NAME = "$(TARGET_NAME)";
				TARGETED_DEVICE_FAMILY = "1,2";
				TEST_HOST = "$(BUILT_PRODUCTS_DIR)/YBPhotoBroswer.app/YBPhotoBroswer";
			};
			name = Release;
		};
		128CD55B2244671700304040 /* Debug */ = {
			isa = XCBuildConfiguration;
			baseConfigurationReference = 0C5264163B0A766B558E902E /* Pods-YBPhotoBroswerUITests.debug.xcconfig */;
			buildSettings = {
				CODE_SIGN_STYLE = Automatic;
				INFOPLIST_FILE = YBPhotoBroswerUITests/Info.plist;
				LD_RUNPATH_SEARCH_PATHS = (
					"$(inherited)",
					"@executable_path/Frameworks",
					"@loader_path/Frameworks",
				);
				PRODUCT_BUNDLE_IDENTIFIER = com.yuncang.YBPhotoBroswerUITests;
				PRODUCT_NAME = "$(TARGET_NAME)";
				TARGETED_DEVICE_FAMILY = "1,2";
				TEST_TARGET_NAME = YBPhotoBroswer;
			};
			name = Debug;
		};
		128CD55C2244671700304040 /* Release */ = {
			isa = XCBuildConfiguration;
			baseConfigurationReference = F6CE605ADA1E9B122015632D /* Pods-YBPhotoBroswerUITests.release.xcconfig */;
			buildSettings = {
				CODE_SIGN_STYLE = Automatic;
				INFOPLIST_FILE = YBPhotoBroswerUITests/Info.plist;
				LD_RUNPATH_SEARCH_PATHS = (
					"$(inherited)",
					"@executable_path/Frameworks",
					"@loader_path/Frameworks",
				);
				PRODUCT_BUNDLE_IDENTIFIER = com.yuncang.YBPhotoBroswerUITests;
				PRODUCT_NAME = "$(TARGET_NAME)";
				TARGETED_DEVICE_FAMILY = "1,2";
				TEST_TARGET_NAME = YBPhotoBroswer;
			};
			name = Release;
		};
/* End XCBuildConfiguration section */

/* Begin XCConfigurationList section */
		128CD5232244671300304040 /* Build configuration list for PBXProject "YBPhotoBroswer" */ = {
			isa = XCConfigurationList;
			buildConfigurations = (
				128CD5522244671700304040 /* Debug */,
				128CD5532244671700304040 /* Release */,
			);
			defaultConfigurationIsVisible = 0;
			defaultConfigurationName = Release;
		};
		128CD5542244671700304040 /* Build configuration list for PBXNativeTarget "YBPhotoBroswer" */ = {
			isa = XCConfigurationList;
			buildConfigurations = (
				128CD5552244671700304040 /* Debug */,
				128CD5562244671700304040 /* Release */,
			);
			defaultConfigurationIsVisible = 0;
			defaultConfigurationName = Release;
		};
		128CD5572244671700304040 /* Build configuration list for PBXNativeTarget "YBPhotoBroswerTests" */ = {
			isa = XCConfigurationList;
			buildConfigurations = (
				128CD5582244671700304040 /* Debug */,
				128CD5592244671700304040 /* Release */,
			);
			defaultConfigurationIsVisible = 0;
			defaultConfigurationName = Release;
		};
		128CD55A2244671700304040 /* Build configuration list for PBXNativeTarget "YBPhotoBroswerUITests" */ = {
			isa = XCConfigurationList;
			buildConfigurations = (
				128CD55B2244671700304040 /* Debug */,
				128CD55C2244671700304040 /* Release */,
			);
			defaultConfigurationIsVisible = 0;
			defaultConfigurationName = Release;
		};
/* End XCConfigurationList section */
	};
	rootObject = 128CD5202244671300304040 /* Project object */;
}
